
Microsoft Visual Studio Solution File, Format Version 12.00
# Visual Studio Version 17
VisualStudioVersion = 17.0.32126.317
MinimumVisualStudioVersion = 10.0.40219.1
Project("{FAE04EC0-301F-11D3-BF4B-00C04F79EFBC}") = "BookStoresWebAPI", "BookStoresWebAPI\BookStoresWebAPI.csproj", "{A8F89589-B43C-4E31-8BCD-E5B86A76EB6E}"
EndProject
Global
	GlobalSection(SolutionConfigurationPlatforms) = preSolution
		Debug|Any CPU = Debug|Any CPU
		Release|Any CPU = Release|Any CPU
	EndGlobalSection
	GlobalSection(ProjectConfigurationPlatforms) = postSolution
		{A8F89589-B43C-4E31-8BCD-E5B86A76EB6E}.Debug|Any CPU.ActiveCfg = Debug|Any CPU
		{A8F89589-B43C-4E31-8BCD-E5B86A76EB6E}.Debug|Any CPU.Build.0 = Debug|Any CPU
		{A8F89589-B43C-4E31-8BCD-E5B86A76EB6E}.Release|Any CPU.ActiveCfg = Release|Any CPU
		{A8F89589-B43C-4E31-8BCD-E5B86A76EB6E}.Release|Any CPU.Build.0 = Release|Any CPU
	EndGlobalSection
	GlobalSection(SolutionProperties) = preSolution
		HideSolutionNode = FALSE
	EndGlobalSection
	GlobalSection(ExtensibilityGlobals) = postSolution
		SolutionGuid = {925D778D-F638-4DDC-BC65-B05817BE2A14}
	EndGlobalSection
EndGlobal
